
Microsoft Visual Studio Solution File, Format Version 12.00
# Visual Studio 15
Project("{FAE04EC0-301F-11D3-BF4B-00C04F79EFBC}") = "Entities", "Entities.csproj", "{C724D1C9-0327-E6E1-DBB7-A29A7E26FA88}"
EndProject
Project("{FAE04EC0-301F-11D3-BF4B-00C04F79EFBC}") = "Input", "Input.csproj", "{BE2CDE82-0D84-C234-1435-614AFA7E4DFD}"
EndProject
Project("{FAE04EC0-301F-11D3-BF4B-00C04F79EFBC}") = "Event", "Event.csproj", "{49C34A74-CDAF-3DCD-FF95-80744BEC0751}"
EndProject
Project("{FAE04EC0-301F-11D3-BF4B-00C04F79EFBC}") = "BasicSyntax", "BasicSyntax.csproj", "{D8A8DE12-1DDB-361C-397D-E1D1B2BFBADA}"
EndProject
Global
	GlobalSection(SolutionConfigurationPlatforms) = preSolution
		Debug|Any CPU = Debug|Any CPU
		Release|Any CPU = Release|Any CPU
	EndGlobalSection
	GlobalSection(ProjectConfigurationPlatforms) = postSolution
		{C724D1C9-0327-E6E1-DBB7-A29A7E26FA88}.Debug|Any CPU.ActiveCfg = Debug|Any CPU
		{C724D1C9-0327-E6E1-DBB7-A29A7E26FA88}.Debug|Any CPU.Build.0 = Debug|Any CPU
		{C724D1C9-0327-E6E1-DBB7-A29A7E26FA88}.Release|Any CPU.ActiveCfg = Release|Any CPU
		{C724D1C9-0327-E6E1-DBB7-A29A7E26FA88}.Release|Any CPU.Build.0 = Release|Any CPU
		{BE2CDE82-0D84-C234-1435-614AFA7E4DFD}.Debug|Any CPU.ActiveCfg = Debug|Any CPU
		{BE2CDE82-0D84-C234-1435-614AFA7E4DFD}.Debug|Any CPU.Build.0 = Debug|Any CPU
		{BE2CDE82-0D84-C234-1435-614AFA7E4DFD}.Release|Any CPU.ActiveCfg = Release|Any CPU
		{BE2CDE82-0D84-C234-1435-614AFA7E4DFD}.Release|Any CPU.Build.0 = Release|Any CPU
		{49C34A74-CDAF-3DCD-FF95-80744BEC0751}.Debug|Any CPU.ActiveCfg = Debug|Any CPU
		{49C34A74-CDAF-3DCD-FF95-80744BEC0751}.Debug|Any CPU.Build.0 = Debug|Any CPU
		{49C34A74-CDAF-3DCD-FF95-80744BEC0751}.Release|Any CPU.ActiveCfg = Release|Any CPU
		{49C34A74-CDAF-3DCD-FF95-80744BEC0751}.Release|Any CPU.Build.0 = Release|Any CPU
		{D8A8DE12-1DDB-361C-397D-E1D1B2BFBADA}.Debug|Any CPU.ActiveCfg = Debug|Any CPU
		{D8A8DE12-1DDB-361C-397D-E1D1B2BFBADA}.Debug|Any CPU.Build.0 = Debug|Any CPU
		{D8A8DE12-1DDB-361C-397D-E1D1B2BFBADA}.Release|Any CPU.ActiveCfg = Release|Any CPU
		{D8A8DE12-1DDB-361C-397D-E1D1B2BFBADA}.Release|Any CPU.Build.0 = Release|Any CPU
	EndGlobalSection
	GlobalSection(SolutionProperties) = preSolution
		HideSolutionNode = FALSE
	EndGlobalSection
EndGlobal
